
Microsoft Visual Studio Solution File, Format Version 12.00
# Visual Studio Version 17
VisualStudioVersion = 17.10.34928.147
MinimumVisualStudioVersion = 10.0.40219.1
Project("{2150E333-8FDC-42A3-9474-1A3956D46DE8}") = "Src", "Src", "{2A17B63C-30C1-4D5B-A899-5D0FCFE3842E}"
EndProject
Project("{2150E333-8FDC-42A3-9474-1A3956D46DE8}") = "Test", "Test", "{67E4980D-6C2A-487E-B50A-4C9E62A430AC}"
EndProject
Project("{2150E333-8FDC-42A3-9474-1A3956D46DE8}") = "Core", "Core", "{DC6F8BE0-4375-4CC4-9BE0-867E40665558}"
EndProject
Project("{9A19103F-16F7-4668-BE54-9A1E7A4F7556}") = "NotesApp.Application", "NotesApp.Application\NotesApp.Application.csproj", "{481D0CB6-F446-400D-AA2B-A871105B5344}"
EndProject
Project("{9A19103F-16F7-4668-BE54-9A1E7A4F7556}") = "NotesApp.Domain", "NotesApp.Domain\NotesApp.Domain.csproj", "{9A2B9B69-1F60-49A9-BEC8-496F174E49AE}"
EndProject
Project("{2150E333-8FDC-42A3-9474-1A3956D46DE8}") = "Infrastructure", "Infrastructure", "{185B5E9B-B62B-4430-9DD6-FF9E96FF4870}"
EndProject
Project("{2150E333-8FDC-42A3-9474-1A3956D46DE8}") = "UI", "UI", "{52632100-AB62-4551-9B0A-81A66FFA20AC}"
EndProject
Project("{2150E333-8FDC-42A3-9474-1A3956D46DE8}") = "Api", "Api", "{545A1382-6E21-4CA0-A4CA-4599126FC8D4}"
EndProject
Project("{9A19103F-16F7-4668-BE54-9A1E7A4F7556}") = "NotesApp.Api", "NotesApp.Api\NotesApp.Api.csproj", "{A34EA4E6-4525-4708-9E41-C7A6C78DB1EF}"
EndProject
Project("{2150E333-8FDC-42A3-9474-1A3956D46DE8}") = "DesktopUI", "DesktopUI", "{49A783BE-95AD-432E-8E75-B78F51EB90A5}"
EndProject
Project("{9A19103F-16F7-4668-BE54-9A1E7A4F7556}") = "NotesApp.DesktopUI", "NotesApp.DesktopUI\NotesApp.DesktopUI.csproj", "{F7E11633-220B-4D41-934F-6759B1AD160F}"
EndProject
Project("{9A19103F-16F7-4668-BE54-9A1E7A4F7556}") = "NotesApp.Identity", "NotesApp.Identity\NotesApp.Identity.csproj", "{5483C846-B4E0-4743-9638-95F5D803E8F4}"
EndProject
Project("{2150E333-8FDC-42A3-9474-1A3956D46DE8}") = "Common", "Common", "{12C29ACC-2262-4E90-8BD4-757C8DF829E5}"
EndProject
Project("{9A19103F-16F7-4668-BE54-9A1E7A4F7556}") = "NotesApp.Common", "NotesApp.Common\NotesApp.Common.csproj", "{5481DFBF-8602-47DE-9D3F-F19208F85B15}"
EndProject
Project("{FAE04EC0-301F-11D3-BF4B-00C04F79EFBC}") = "NotesApp.Persistence", "NotesApp.Persistence\NotesApp.Persistence.csproj", "{9ACC02B9-B736-4D3E-A9C5-605660EB1C5F}"
EndProject
Global
	GlobalSection(SolutionConfigurationPlatforms) = preSolution
		Debug|Any CPU = Debug|Any CPU
		Release|Any CPU = Release|Any CPU
	EndGlobalSection
	GlobalSection(ProjectConfigurationPlatforms) = postSolution
		{481D0CB6-F446-400D-AA2B-A871105B5344}.Debug|Any CPU.ActiveCfg = Debug|Any CPU
		{481D0CB6-F446-400D-AA2B-A871105B5344}.Debug|Any CPU.Build.0 = Debug|Any CPU
		{481D0CB6-F446-400D-AA2B-A871105B5344}.Release|Any CPU.ActiveCfg = Release|Any CPU
		{481D0CB6-F446-400D-AA2B-A871105B5344}.Release|Any CPU.Build.0 = Release|Any CPU
		{9A2B9B69-1F60-49A9-BEC8-496F174E49AE}.Debug|Any CPU.ActiveCfg = Debug|Any CPU
		{9A2B9B69-1F60-49A9-BEC8-496F174E49AE}.Debug|Any CPU.Build.0 = Debug|Any CPU
		{9A2B9B69-1F60-49A9-BEC8-496F174E49AE}.Release|Any CPU.ActiveCfg = Release|Any CPU
		{9A2B9B69-1F60-49A9-BEC8-496F174E49AE}.Release|Any CPU.Build.0 = Release|Any CPU
		{A34EA4E6-4525-4708-9E41-C7A6C78DB1EF}.Debug|Any CPU.ActiveCfg = Debug|Any CPU
		{A34EA4E6-4525-4708-9E41-C7A6C78DB1EF}.Debug|Any CPU.Build.0 = Debug|Any CPU
		{A34EA4E6-4525-4708-9E41-C7A6C78DB1EF}.Release|Any CPU.ActiveCfg = Release|Any CPU
		{A34EA4E6-4525-4708-9E41-C7A6C78DB1EF}.Release|Any CPU.Build.0 = Release|Any CPU
		{F7E11633-220B-4D41-934F-6759B1AD160F}.Debug|Any CPU.ActiveCfg = Debug|Any CPU
		{F7E11633-220B-4D41-934F-6759B1AD160F}.Debug|Any CPU.Build.0 = Debug|Any CPU
		{F7E11633-220B-4D41-934F-6759B1AD160F}.Release|Any CPU.ActiveCfg = Release|Any CPU
		{F7E11633-220B-4D41-934F-6759B1AD160F}.Release|Any CPU.Build.0 = Release|Any CPU
		{5483C846-B4E0-4743-9638-95F5D803E8F4}.Debug|Any CPU.ActiveCfg = Debug|Any CPU
		{5483C846-B4E0-4743-9638-95F5D803E8F4}.Debug|Any CPU.Build.0 = Debug|Any CPU
		{5483C846-B4E0-4743-9638-95F5D803E8F4}.Release|Any CPU.ActiveCfg = Release|Any CPU
		{5483C846-B4E0-4743-9638-95F5D803E8F4}.Release|Any CPU.Build.0 = Release|Any CPU
		{5481DFBF-8602-47DE-9D3F-F19208F85B15}.Debug|Any CPU.ActiveCfg = Debug|Any CPU
		{5481DFBF-8602-47DE-9D3F-F19208F85B15}.Debug|Any CPU.Build.0 = Debug|Any CPU
		{5481DFBF-8602-47DE-9D3F-F19208F85B15}.Release|Any CPU.ActiveCfg = Release|Any CPU
		{5481DFBF-8602-47DE-9D3F-F19208F85B15}.Release|Any CPU.Build.0 = Release|Any CPU
		{9ACC02B9-B736-4D3E-A9C5-605660EB1C5F}.Debug|Any CPU.ActiveCfg = Debug|Any CPU
		{9ACC02B9-B736-4D3E-A9C5-605660EB1C5F}.Debug|Any CPU.Build.0 = Debug|Any CPU
		{9ACC02B9-B736-4D3E-A9C5-605660EB1C5F}.Release|Any CPU.ActiveCfg = Release|Any CPU
		{9ACC02B9-B736-4D3E-A9C5-605660EB1C5F}.Release|Any CPU.Build.0 = Release|Any CPU
	EndGlobalSection
	GlobalSection(SolutionProperties) = preSolution
		HideSolutionNode = FALSE
	EndGlobalSection
	GlobalSection(NestedProjects) = preSolution
		{DC6F8BE0-4375-4CC4-9BE0-867E40665558} = {2A17B63C-30C1-4D5B-A899-5D0FCFE3842E}
		{481D0CB6-F446-400D-AA2B-A871105B5344} = {DC6F8BE0-4375-4CC4-9BE0-867E40665558}
		{9A2B9B69-1F60-49A9-BEC8-496F174E49AE} = {DC6F8BE0-4375-4CC4-9BE0-867E40665558}
		{185B5E9B-B62B-4430-9DD6-FF9E96FF4870} = {2A17B63C-30C1-4D5B-A899-5D0FCFE3842E}
		{52632100-AB62-4551-9B0A-81A66FFA20AC} = {2A17B63C-30C1-4D5B-A899-5D0FCFE3842E}
		{545A1382-6E21-4CA0-A4CA-4599126FC8D4} = {2A17B63C-30C1-4D5B-A899-5D0FCFE3842E}
		{A34EA4E6-4525-4708-9E41-C7A6C78DB1EF} = {545A1382-6E21-4CA0-A4CA-4599126FC8D4}
		{49A783BE-95AD-432E-8E75-B78F51EB90A5} = {52632100-AB62-4551-9B0A-81A66FFA20AC}
		{F7E11633-220B-4D41-934F-6759B1AD160F} = {49A783BE-95AD-432E-8E75-B78F51EB90A5}
		{5483C846-B4E0-4743-9638-95F5D803E8F4} = {185B5E9B-B62B-4430-9DD6-FF9E96FF4870}
		{12C29ACC-2262-4E90-8BD4-757C8DF829E5} = {2A17B63C-30C1-4D5B-A899-5D0FCFE3842E}
		{5481DFBF-8602-47DE-9D3F-F19208F85B15} = {12C29ACC-2262-4E90-8BD4-757C8DF829E5}
		{9ACC02B9-B736-4D3E-A9C5-605660EB1C5F} = {185B5E9B-B62B-4430-9DD6-FF9E96FF4870}
	EndGlobalSection
	GlobalSection(ExtensibilityGlobals) = postSolution
		SolutionGuid = {A5F6983F-399A-4189-B656-214F897DEAF5}
	EndGlobalSection
EndGlobal
